Microsoft Visual Studio Solution File, Format Version 12.00
# Visual Studio Version 17
VisualStudioVersion = 17.5.2.0
MinimumVisualStudioVersion = 10.0.40219.1
Project("{FAE04EC0-301F-11D3-BF4B-00C04F79EFBC}") = "Test Applications", "Test Applications.csproj", "{3CD59641-3CBB-06BD-B567-C7B1E39E37A0}"
EndProject
Global
	GlobalSection(SolutionConfigurationPlatforms) = preSolution
		Debug|Any CPU = Debug|Any CPU
		Release|Any CPU = Release|Any CPU
	EndGlobalSection
	GlobalSection(ProjectConfigurationPlatforms) = postSolution
		{3CD59641-3CBB-06BD-B567-C7B1E39E37A0}.Debug|Any CPU.ActiveCfg = Debug|Any CPU
		{3CD59641-3CBB-06BD-B567-C7B1E39E37A0}.Debug|Any CPU.Build.0 = Debug|Any CPU
		{3CD59641-3CBB-06BD-B567-C7B1E39E37A0}.Release|Any CPU.ActiveCfg = Release|Any CPU
		{3CD59641-3CBB-06BD-B567-C7B1E39E37A0}.Release|Any CPU.Build.0 = Release|Any CPU
	EndGlobalSection
	GlobalSection(SolutionProperties) = preSolution
		HideSolutionNode = FALSE
	EndGlobalSection
	GlobalSection(ExtensibilityGlobals) = postSolution
		SolutionGuid = {86EB5A0F-9ECD-4E89-AA3B-3AC5061D9EC9}
	EndGlobalSection
EndGlobal
